
Microsoft Visual Studio Solution File, Format Version 12.00
# Visual Studio 15
VisualStudioVersion = 15.0.26510.0
MinimumVisualStudioVersion = 10.0.40219.1
Project("{9A19103F-16F7-4668-BE54-9A1E7A4F7556}") = "Temperatura", "Temperatura\Temperatura.csproj", "{650F2014-888A-4077-A614-C024C331CE2B}"
EndProject
Project("{9A19103F-16F7-4668-BE54-9A1E7A4F7556}") = "Temperatura.Testes", "Temperatura.Testes\Temperatura.Testes.csproj", "{4EDDE4B2-54AD-4A24-8090-3203E3858011}"
EndProject
Global
	GlobalSection(SolutionConfigurationPlatforms) = preSolution
		Debug|Any CPU = Debug|Any CPU
		Release|Any CPU = Release|Any CPU
	EndGlobalSection
	GlobalSection(ProjectConfigurationPlatforms) = postSolution
		{650F2014-888A-4077-A614-C024C331CE2B}.Debug|Any CPU.ActiveCfg = Debug|Any CPU
		{650F2014-888A-4077-A614-C024C331CE2B}.Debug|Any CPU.Build.0 = Debug|Any CPU
		{650F2014-888A-4077-A614-C024C331CE2B}.Release|Any CPU.ActiveCfg = Release|Any CPU
		{650F2014-888A-4077-A614-C024C331CE2B}.Release|Any CPU.Build.0 = Release|Any CPU
		{4EDDE4B2-54AD-4A24-8090-3203E3858011}.Debug|Any CPU.ActiveCfg = Debug|Any CPU
		{4EDDE4B2-54AD-4A24-8090-3203E3858011}.Debug|Any CPU.Build.0 = Debug|Any CPU
		{4EDDE4B2-54AD-4A24-8090-3203E3858011}.Release|Any CPU.ActiveCfg = Release|Any CPU
		{4EDDE4B2-54AD-4A24-8090-3203E3858011}.Release|Any CPU.Build.0 = Release|Any CPU
	EndGlobalSection
	GlobalSection(SolutionProperties) = preSolution
		HideSolutionNode = FALSE
	EndGlobalSection
EndGlobal
